{
  "name": "regex-validator-demo",
  "lockfileVersion": 2,
  "requires": true,
  "packages": {
    "": {
      "dependencies": {
        "simple-regex-validator": "^1.0.2"
      }
    },
    "node_modules/simple-regex-validator": {
      "version": "1.0.2",
      "resolved": "https://registry.npmjs.org/simple-regex-validator/-/simple-regex-validator-1.0.2.tgz",
      "integrity": "sha512-i6R9+EuwtgAdHky9j+9FCPhfNk4I+OLx0gD3GnW4ZPiZ3M7z+il/uY3BfxAJ86aN7bahO6NcbjuZALkMWp9/8w=="
    }
  },
  "dependencies": {
    "simple-regex-validator": {
      "version": "1.0.2",
      "resolved": "https://registry.npmjs.org/simple-regex-validator/-/simple-regex-validator-1.0.2.tgz",
      "integrity": "sha512-i6R9+EuwtgAdHky9j+9FCPhfNk4I+OLx0gD3GnW4ZPiZ3M7z+il/uY3BfxAJ86aN7bahO6NcbjuZALkMWp9/8w=="
    }
  }
}
